// !$*UTF8*$!
{
	archiveVersion = 1;
	classes = {
	};
	objectVersion = 46;
	objects = {

/* Begin PBXBuildFile section */
		9EFE7B831DFCC57B00B93884 /* AppDelegate.swift in Sources */ = {isa = PBXBuildFile; fileRef = 9EFE7B821DFCC57B00B93884 /* AppDelegate.swift */; };
		9EFE7B851DFCC57B00B93884 /* ViewController.swift in Sources */ = {isa = PBXBuildFile; fileRef = 9EFE7B841DFCC57B00B93884 /* ViewController.swift */; };
		9EFE7B881DFCC57B00B93884 /* Main.storyboard in Resources */ = {isa = PBXBuildFile; fileRef = 9EFE7B861DFCC57B00B93884 /* Main.storyboard */; };
		9EFE7B8A1DFCC57B00B93884 /* Assets.xcassets in Resources */ = {isa = PBXBuildFile; fileRef = 9EFE7B891DFCC57B00B93884 /* Assets.xcassets */; };
		9EFE7B8D1DFCC57B00B93884 /* LaunchScreen.storyboard in Resources */ = {isa = PBXBuildFile; fileRef = 9EFE7B8B1DFCC57B00B93884 /* LaunchScreen.storyboard */; };
		9EFE7B961DFCC82F00B93884 /* Beacons.swift in Sources */ = {isa = PBXBuildFile; fileRef = 9EFE7B951DFCC82F00B93884 /* Beacons.swift */; };
		9EFE7B981DFCCBB000B93884 /* LocationService.swift in Sources */ = {isa = PBXBuildFile; fileRef = 9EFE7B971DFCCBB000B93884 /* LocationService.swift */; };
		9EFE7B9A1DFCCDCC00B93884 /* LocationServiceDelegate.swift in Sources */ = {isa = PBXBuildFile; fileRef = 9EFE7B991DFCCDCC00B93884 /* LocationServiceDelegate.swift */; };
		9EFE7B9C1DFCCE6F00B93884 /* LocationServiceImplementation.swift in Sources */ = {isa = PBXBuildFile; fileRef = 9EFE7B9B1DFCCE6F00B93884 /* LocationServiceImplementation.swift */; };
		9EFE7BBF1DFDC13F00B93884 /* AccuracyScene.swift in Sources */ = {isa = PBXBuildFile; fileRef = 9EFE7BBE1DFDC13F00B93884 /* AccuracyScene.swift */; };
		9EFE7BC21DFDE59600B93884 /* TempoCounter.swift in Sources */ = {isa = PBXBuildFile; fileRef = 9EFE7BC11DFDE59600B93884 /* TempoCounter.swift */; };
		9EFE7BC51DFDE94F00B93884 /* AudioEngine.swift in Sources */ = {isa = PBXBuildFile; fileRef = 9EFE7BC41DFDE94F00B93884 /* AudioEngine.swift */; };
		9EFE7BC71DFDEA9C00B93884 /* beep.wav in Resources */ = {isa = PBXBuildFile; fileRef = 9EFE7BC61DFDEA9C00B93884 /* beep.wav */; };
/* End PBXBuildFile section */

/* Begin PBXFileReference section */
		9EFE7B7F1DFCC57B00B93884 /* ios-multiple-beacon-finder.app */ = {isa = PBXFileReference; explicitFileType = wrapper.application; includeInIndex = 0; path = "ios-multiple-beacon-finder.app"; sourceTree = BUILT_PRODUCTS_DIR; };
		9EFE7B821DFCC57B00B93884 /* AppDelegate.swift */ = {isa = PBXFileReference; lastKnownFileType = sourcecode.swift; path = AppDelegate.swift; sourceTree = "<group>"; };
		9EFE7B841DFCC57B00B93884 /* ViewController.swift */ = {isa = PBXFileReference; lastKnownFileType = sourcecode.swift; path = ViewController.swift; sourceTree = "<group>"; };
		9EFE7B871DFCC57B00B93884 /* Base */ = {isa = PBXFileReference; lastKnownFileType = file.storyboard; name = Base; path = Base.lproj/Main.storyboard; sourceTree = "<group>"; };
		9EFE7B891DFCC57B00B93884 /* Assets.xcassets */ = {isa = PBXFileReference; lastKnownFileType = folder.assetcatalog; path = Assets.xcassets; sourceTree = "<group>"; };
		9EFE7B8C1DFCC57B00B93884 /* Base */ = {isa = PBXFileReference; lastKnownFileType = file.storyboard; name = Base; path = Base.lproj/LaunchScreen.storyboard; sourceTree = "<group>"; };
		9EFE7B8E1DFCC57B00B93884 /* Info.plist */ = {isa = PBXFileReference; lastKnownFileType = text.plist.xml; path = Info.plist; sourceTree = "<group>"; };
		9EFE7B951DFCC82F00B93884 /* Beacons.swift */ = {isa = PBXFileReference; fileEncoding = 4; lastKnownFileType = sourcecode.swift; name = Beacons.swift; path = Beacons/Beacons.swift; sourceTree = "<group>"; };
		9EFE7B971DFCCBB000B93884 /* LocationService.swift */ = {isa = PBXFileReference; fileEncoding = 4; lastKnownFileType = sourcecode.swift; name = LocationService.swift; path = Beacons/LocationService.swift; sourceTree = "<group>"; };
		9EFE7B991DFCCDCC00B93884 /* LocationServiceDelegate.swift */ = {isa = PBXFileReference; fileEncoding = 4; lastKnownFileType = sourcecode.swift; name = LocationServiceDelegate.swift; path = Beacons/LocationServiceDelegate.swift; sourceTree = "<group>"; };
		9EFE7B9B1DFCCE6F00B93884 /* LocationServiceImplementation.swift */ = {isa = PBXFileReference; fileEncoding = 4; lastKnownFileType = sourcecode.swift; name = LocationServiceImplementation.swift; path = Beacons/LocationServiceImplementation.swift; sourceTree = "<group>"; };
		9EFE7BBE1DFDC13F00B93884 /* AccuracyScene.swift */ = {isa = PBXFileReference; fileEncoding = 4; lastKnownFileType = sourcecode.swift; name = AccuracyScene.swift; path = AccuracyScene/AccuracyScene.swift; sourceTree = "<group>"; };
		9EFE7BC11DFDE59600B93884 /* TempoCounter.swift */ = {isa = PBXFileReference; fileEncoding = 4; lastKnownFileType = sourcecode.swift; name = TempoCounter.swift; path = TempoCounter/TempoCounter.swift; sourceTree = "<group>"; };
		9EFE7BC41DFDE94F00B93884 /* AudioEngine.swift */ = {isa = PBXFileReference; fileEncoding = 4; lastKnownFileType = sourcecode.swift; name = AudioEngine.swift; path = AudioEngine/AudioEngine.swift; sourceTree = "<group>"; };
		9EFE7BC61DFDEA9C00B93884 /* beep.wav */ = {isa = PBXFileReference; lastKnownFileType = audio.wav; path = beep.wav; sourceTree = "<group>"; };
/* End PBXFileReference section */

/* Begin PBXFrameworksBuildPhase section */
		9EFE7B7C1DFCC57B00B93884 /* Frameworks */ = {
			isa = PBXFrameworksBuildPhase;
			buildActionMask = 2147483647;
			files = (
			);
			runOnlyForDeploymentPostprocessing = 0;
		};
/* End PBXFrameworksBuildPhase section */

/* Begin PBXGroup section */
		9EFE7B761DFCC57B00B93884 = {
			isa = PBXGroup;
			children = (
				9EFE7B811DFCC57B00B93884 /* ios-multiple-beacon-finder */,
				9EFE7B801DFCC57B00B93884 /* Products */,
			);
			sourceTree = "<group>";
		};
		9EFE7B801DFCC57B00B93884 /* Products */ = {
			isa = PBXGroup;
			children = (
				9EFE7B7F1DFCC57B00B93884 /* ios-multiple-beacon-finder.app */,
			);
			name = Products;
			sourceTree = "<group>";
		};
		9EFE7B811DFCC57B00B93884 /* ios-multiple-beacon-finder */ = {
			isa = PBXGroup;
			children = (
				9EFE7BC61DFDEA9C00B93884 /* beep.wav */,
				9EFE7BC31DFDE93F00B93884 /* AudioEngine */,
				9EFE7BC01DFDE57C00B93884 /* TempoCounter */,
				9EFE7BBD1DFDC12000B93884 /* AccuracyScene */,
				9EFE7B941DFCC7DF00B93884 /* Beacons */,
				9EFE7B821DFCC57B00B93884 /* AppDelegate.swift */,
				9EFE7B841DFCC57B00B93884 /* ViewController.swift */,
				9EFE7B861DFCC57B00B93884 /* Main.storyboard */,
				9EFE7B891DFCC57B00B93884 /* Assets.xcassets */,
				9EFE7B8B1DFCC57B00B93884 /* LaunchScreen.storyboard */,
				9EFE7B8E1DFCC57B00B93884 /* Info.plist */,
			);
			path = "ios-multiple-beacon-finder";
			sourceTree = "<group>";
		};
		9EFE7B941DFCC7DF00B93884 /* Beacons */ = {
			isa = PBXGroup;
			children = (
				9EFE7B951DFCC82F00B93884 /* Beacons.swift */,
				9EFE7B971DFCCBB000B93884 /* LocationService.swift */,
				9EFE7B991DFCCDCC00B93884 /* LocationServiceDelegate.swift */,
				9EFE7B9B1DFCCE6F00B93884 /* LocationServiceImplementation.swift */,
			);
			name = Beacons;
			sourceTree = "<group>";
		};
		9EFE7BBD1DFDC12000B93884 /* AccuracyScene */ = {
			isa = PBXGroup;
			children = (
				9EFE7BBE1DFDC13F00B93884 /* AccuracyScene.swift */,
			);
			name = AccuracyScene;
			sourceTree = "<group>";
		};
		9EFE7BC01DFDE57C00B93884 /* TempoCounter */ = {
			isa = PBXGroup;
			children = (
				9EFE7BC11DFDE59600B93884 /* TempoCounter.swift */,
			);
			name = TempoCounter;
			sourceTree = "<group>";
		};
		9EFE7BC31DFDE93F00B93884 /* AudioEngine */ = {
			isa = PBXGroup;
			children = (
				9EFE7BC41DFDE94F00B93884 /* AudioEngine.swift */,
			);
			name = AudioEngine;
			sourceTree = "<group>";
		};
/* End PBXGroup section */

/* Begin PBXNativeTarget section */
		9EFE7B7E1DFCC57B00B93884 /* ios-multiple-beacon-finder */ = {
			isa = PBXNativeTarget;
			buildConfigurationList = 9EFE7B911DFCC57B00B93884 /* Build configuration list for PBXNativeTarget "ios-multiple-beacon-finder" */;
			buildPhases = (
				9EFE7B7B1DFCC57B00B93884 /* Sources */,
				9EFE7B7C1DFCC57B00B93884 /* Frameworks */,
				9EFE7B7D1DFCC57B00B93884 /* Resources */,
			);
			buildRules = (
			);
			dependencies = (
			);
			name = "ios-multiple-beacon-finder";
			productName = "ios-multiple-beacon-finder";
			productReference = 9EFE7B7F1DFCC57B00B93884 /* ios-multiple-beacon-finder.app */;
			productType = "com.apple.product-type.application";
		};
/* End PBXNativeTarget section */

/* Begin PBXProject section */
		9EFE7B771DFCC57B00B93884 /* Project object */ = {
			isa = PBXProject;
			attributes = {
				LastSwiftUpdateCheck = 0810;
				LastUpgradeCheck = 0810;
				ORGANIZATIONNAME = m.rakhmanov;
				TargetAttributes = {
					9EFE7B7E1DFCC57B00B93884 = {
						CreatedOnToolsVersion = 8.1;
						DevelopmentTeam = Z5M5E3T534;
						ProvisioningStyle = Automatic;
					};
				};
			};
			buildConfigurationList = 9EFE7B7A1DFCC57B00B93884 /* Build configuration list for PBXProject "ios-multiple-beacon-finder" */;
			compatibilityVersion = "Xcode 3.2";
			developmentRegion = English;
			hasScannedForEncodings = 0;
			knownRegions = (
				en,
				Base,
			);
			mainGroup = 9EFE7B761DFCC57B00B93884;
			productRefGroup = 9EFE7B801DFCC57B00B93884 /* Products */;
			projectDirPath = "";
			projectRoot = "";
			targets = (
				9EFE7B7E1DFCC57B00B93884 /* ios-multiple-beacon-finder */,
			);
		};
/* End PBXProject section */

/* Begin PBXResourcesBuildPhase section */
		9EFE7B7D1DFCC57B00B93884 /* Resources */ = {
			isa = PBXResourcesBuildPhase;
			buildActionMask = 2147483647;
			files = (
				9EFE7BC71DFDEA9C00B93884 /* beep.wav in Resources */,
				9EFE7B8D1DFCC57B00B93884 /* LaunchScreen.storyboard in Resources */,
				9EFE7B8A1DFCC57B00B93884 /* Assets.xcassets in Resources */,
				9EFE7B881DFCC57B00B93884 /* Main.storyboard in Resources */,
			);
			runOnlyForDeploymentPostprocessing = 0;
		};
/* End PBXResourcesBuildPhase section */

/* Begin PBXSourcesBuildPhase section */
		9EFE7B7B1DFCC57B00B93884 /* Sources */ = {
			isa = PBXSourcesBuildPhase;
			buildActionMask = 2147483647;
			files = (
				9EFE7BC51DFDE94F00B93884 /* AudioEngine.swift in Sources */,
				9EFE7B851DFCC57B00B93884 /* ViewController.swift in Sources */,
				9EFE7BBF1DFDC13F00B93884 /* AccuracyScene.swift in Sources */,
				9EFE7BC21DFDE59600B93884 /* TempoCounter.swift in Sources */,
				9EFE7B9A1DFCCDCC00B93884 /* LocationServiceDelegate.swift in Sources */,
				9EFE7B831DFCC57B00B93884 /* AppDelegate.swift in Sources */,
				9EFE7B981DFCCBB000B93884 /* LocationService.swift in Sources */,
				9EFE7B9C1DFCCE6F00B93884 /* LocationServiceImplementation.swift in Sources */,
				9EFE7B961DFCC82F00B93884 /* Beacons.swift in Sources */,
			);
			runOnlyForDeploymentPostprocessing = 0;
		};
/* End PBXSourcesBuildPhase section */

/* Begin PBXVariantGroup section */
		9EFE7B861DFCC57B00B93884 /* Main.storyboard */ = {
			isa = PBXVariantGroup;
			children = (
				9EFE7B871DFCC57B00B93884 /* Base */,
			);
			name = Main.storyboard;
			sourceTree = "<group>";
		};
		9EFE7B8B1DFCC57B00B93884 /* LaunchScreen.storyboard */ = {
			isa = PBXVariantGroup;
			children = (
				9EFE7B8C1DFCC57B00B93884 /* Base */,
			);
			name = LaunchScreen.storyboard;
			sourceTree = "<group>";
		};
/* End PBXVariantGroup section */

/* Begin XCBuildConfiguration section */
		9EFE7B8F1DFCC57B00B93884 /* Debug */ = {
			isa = XCBuildConfiguration;
			buildSettings = {
				ALWAYS_SEARCH_USER_PATHS = NO;
				CLANG_ANALYZER_NONNULL = YES;
				CLANG_CXX_LANGUAGE_STANDARD = "gnu++0x";
				CLANG_CXX_LIBRARY = "libc++";
				CLANG_ENABLE_MODULES = YES;
				CLANG_ENABLE_OBJC_ARC = YES;
				CLANG_WARN_BOOL_CONVERSION = YES;
				CLANG_WARN_CONSTANT_CONVERSION = YES;
				CLANG_WARN_DIRECT_OBJC_ISA_USAGE = YES_ERROR;
				CLANG_WARN_DOCUMENTATION_COMMENTS = YES;
				CLANG_WARN_EMPTY_BODY = YES;
				CLANG_WARN_ENUM_CONVERSION = YES;
				CLANG_WARN_INFINITE_RECURSION = YES;
				CLANG_WARN_INT_CONVERSION = YES;
				CLANG_WARN_OBJC_ROOT_CLASS = YES_ERROR;
				CLANG_WARN_SUSPICIOUS_MOVES = YES;
				CLANG_WARN_UNREACHABLE_CODE = YES;
				CLANG_WARN__DUPLICATE_METHOD_MATCH = YES;
				"CODE_SIGN_IDENTITY[sdk=iphoneos*]" = "iPhone Developer";
				COPY_PHASE_STRIP = NO;
				DEBUG_INFORMATION_FORMAT = dwarf;
				ENABLE_STRICT_OBJC_MSGSEND = YES;
				ENABLE_TESTABILITY = YES;
				GCC_C_LANGUAGE_STANDARD = gnu99;
				GCC_DYNAMIC_NO_PIC = NO;
				GCC_NO_COMMON_BLOCKS = YES;
				GCC_OPTIMIZATION_LEVEL = 0;
				GCC_PREPROCESSOR_DEFINITIONS = (
					"DEBUG=1",
					"$(inherited)",
				);
				GCC_WARN_64_TO_32_BIT_CONVERSION = YES;
				GCC_WARN_ABOUT_RETURN_TYPE = YES_ERROR;
				GCC_WARN_UNDECLARED_SELECTOR = YES;
				GCC_WARN_UNINITIALIZED_AUTOS = YES_AGGRESSIVE;
				GCC_WARN_UNUSED_FUNCTION = YES;
				GCC_WARN_UNUSED_VARIABLE = YES;
				IPHONEOS_DEPLOYMENT_TARGET = 10.1;
				MTL_ENABLE_DEBUG_INFO = YES;
				ONLY_ACTIVE_ARCH = YES;
				SDKROOT = iphoneos;
				SWIFT_ACTIVE_COMPILATION_CONDITIONS = DEBUG;
				SWIFT_OPTIMIZATION_LEVEL = "-Onone";
				TARGETED_DEVICE_FAMILY = "1,2";
			};
			name = Debug;
		};
		9EFE7B901DFCC57B00B93884 /* Release */ = {
			isa = XCBuildConfiguration;
			buildSettings = {
				ALWAYS_SEARCH_USER_PATHS = NO;
				CLANG_ANALYZER_NONNULL = YES;
				CLANG_CXX_LANGUAGE_STANDARD = "gnu++0x";
				CLANG_CXX_LIBRARY = "libc++";
				CLANG_ENABLE_MODULES = YES;
				CLANG_ENABLE_OBJC_ARC = YES;
				CLANG_WARN_BOOL_CONVERSION = YES;
				CLANG_WARN_CONSTANT_CONVERSION = YES;
				CLANG_WARN_DIRECT_OBJC_ISA_USAGE = YES_ERROR;
				CLANG_WARN_DOCUMENTATION_COMMENTS = YES;
				CLANG_WARN_EMPTY_BODY = YES;
				CLANG_WARN_ENUM_CONVERSION = YES;
				CLANG_WARN_INFINITE_RECURSION = YES;
				CLANG_WARN_INT_CONVERSION = YES;
				CLANG_WARN_OBJC_ROOT_CLASS = YES_ERROR;
				CLANG_WARN_SUSPICIOUS_MOVES = YES;
				CLANG_WARN_UNREACHABLE_CODE = YES;
				CLANG_WARN__DUPLICATE_METHOD_MATCH = YES;
				"CODE_SIGN_IDENTITY[sdk=iphoneos*]" = "iPhone Developer";
				COPY_PHASE_STRIP = NO;
				DEBUG_INFORMATION_FORMAT = "dwarf-with-dsym";
				ENABLE_NS_ASSERTIONS = NO;
				ENABLE_STRICT_OBJC_MSGSEND = YES;
				GCC_C_LANGUAGE_STANDARD = gnu99;
				GCC_NO_COMMON_BLOCKS = YES;
				GCC_WARN_64_TO_32_BIT_CONVERSION = YES;
				GCC_WARN_ABOUT_RETURN_TYPE = YES_ERROR;
				GCC_WARN_UNDECLARED_SELECTOR = YES;
				GCC_WARN_UNINITIALIZED_AUTOS = YES_AGGRESSIVE;
				GCC_WARN_UNUSED_FUNCTION = YES;
				GCC_WARN_UNUSED_VARIABLE = YES;
				IPHONEOS_DEPLOYMENT_TARGET = 10.1;
				MTL_ENABLE_DEBUG_INFO = NO;
				SDKROOT = iphoneos;
				SWIFT_OPTIMIZATION_LEVEL = "-Owholemodule";
				TARGETED_DEVICE_FAMILY = "1,2";
				VALIDATE_PRODUCT = YES;
			};
			name = Release;
		};
		9EFE7B921DFCC57B00B93884 /* Debug */ = {
			isa = XCBuildConfiguration;
			buildSettings = {
				ASSETCATALOG_COMPILER_APPICON_NAME = AppIcon;
				DEVELOPMENT_TEAM = Z5M5E3T534;
				INFOPLIST_FILE = "ios-multiple-beacon-finder/Info.plist";
				LD_RUNPATH_SEARCH_PATHS = "$(inherited) @executable_path/Frameworks";
				PRODUCT_BUNDLE_IDENTIFIER = "my.ios-multiple-beacon-finder";
				PRODUCT_NAME = "$(TARGET_NAME)";
				SWIFT_VERSION = 3.0;
			};
			name = Debug;
		};
		9EFE7B931DFCC57B00B93884 /* Release */ = {
			isa = XCBuildConfiguration;
			buildSettings = {
				ASSETCATALOG_COMPILER_APPICON_NAME = AppIcon;
				DEVELOPMENT_TEAM = Z5M5E3T534;
				INFOPLIST_FILE = "ios-multiple-beacon-finder/Info.plist";
				LD_RUNPATH_SEARCH_PATHS = "$(inherited) @executable_path/Frameworks";
				PRODUCT_BUNDLE_IDENTIFIER = "my.ios-multiple-beacon-finder";
				PRODUCT_NAME = "$(TARGET_NAME)";
				SWIFT_VERSION = 3.0;
			};
			name = Release;
		};
/* End XCBuildConfiguration section */

/* Begin XCConfigurationList section */
		9EFE7B7A1DFCC57B00B93884 /* Build configuration list for PBXProject "ios-multiple-beacon-finder" */ = {
			isa = XCConfigurationList;
			buildConfigurations = (
				9EFE7B8F1DFCC57B00B93884 /* Debug */,
				9EFE7B901DFCC57B00B93884 /* Release */,
			);
			defaultConfigurationIsVisible = 0;
			defaultConfigurationName = Release;
		};
		9EFE7B911DFCC57B00B93884 /* Build configuration list for PBXNativeTarget "ios-multiple-beacon-finder" */ = {
			isa = XCConfigurationList;
			buildConfigurations = (
				9EFE7B921DFCC57B00B93884 /* Debug */,
				9EFE7B931DFCC57B00B93884 /* Release */,
			);
			defaultConfigurationIsVisible = 0;
			defaultConfigurationName = Release;
		};
/* End XCConfigurationList section */
	};
	rootObject = 9EFE7B771DFCC57B00B93884 /* Project object */;
}
